
Microsoft Visual Studio Solution File, Format Version 12.00
# Visual Studio 14
VisualStudioVersion = 14.0.25420.1
MinimumVisualStudioVersion = 10.0.40219.1
Project("{FAE04EC0-301F-11D3-BF4B-00C04F79EFBC}") = "TravellingSalesman", "TravellingSalesman\TravellingSalesman.csproj", "{C9EBD0E4-23C8-4D7F-9502-57BD4D7F86A8}"
EndProject
Project("{FAE04EC0-301F-11D3-BF4B-00C04F79EFBC}") = "Visualisation", "Visualisation\Visualisation.csproj", "{2BAD8147-60A6-4160-BEAC-6D468DCA001E}"
EndProject
Global
	GlobalSection(SolutionConfigurationPlatforms) = preSolution
		Debug|Any CPU = Debug|Any CPU
		Release|Any CPU = Release|Any CPU
	EndGlobalSection
	GlobalSection(ProjectConfigurationPlatforms) = postSolution
		{C9EBD0E4-23C8-4D7F-9502-57BD4D7F86A8}.Debug|Any CPU.ActiveCfg = Debug|Any CPU
		{C9EBD0E4-23C8-4D7F-9502-57BD4D7F86A8}.Debug|Any CPU.Build.0 = Debug|Any CPU
		{C9EBD0E4-23C8-4D7F-9502-57BD4D7F86A8}.Release|Any CPU.ActiveCfg = Release|Any CPU
		{C9EBD0E4-23C8-4D7F-9502-57BD4D7F86A8}.Release|Any CPU.Build.0 = Release|Any CPU
		{2BAD8147-60A6-4160-BEAC-6D468DCA001E}.Debug|Any CPU.ActiveCfg = Debug|Any CPU
		{2BAD8147-60A6-4160-BEAC-6D468DCA001E}.Debug|Any CPU.Build.0 = Debug|Any CPU
		{2BAD8147-60A6-4160-BEAC-6D468DCA001E}.Release|Any CPU.ActiveCfg = Release|Any CPU
		{2BAD8147-60A6-4160-BEAC-6D468DCA001E}.Release|Any CPU.Build.0 = Release|Any CPU
	EndGlobalSection
	GlobalSection(SolutionProperties) = preSolution
		HideSolutionNode = FALSE
	EndGlobalSection
EndGlobal
